{
  "name": "{{name}}",
  "version": "something",
  "lockfileVersion": 1,
  "requires": true,
  "dependencies": {
    "@webassemblyjs/ast": {
      "version": "1.7.11",
      "resolved": "http://r.cnpmjs.org/@webassemblyjs/ast/download/@webassemblyjs/ast-1.7.11.tgz",
      "integrity": "sha1-uYhYLK+7Kwlei1VlJvMMkNBXys4=",
      "dev": true,
      "requires": {
        "@webassemblyjs/helper-module-context": "1.7.11",
        "@webassemblyjs/helper-wasm-bytecode": "1.7.11",
        "@webassemblyjs/wast-parser": "1.7.11"
      }
    },
    "@webassemblyjs/floating-point-hex-parser": {
      "version": "1.7.11",
      "resolved": "http://r.cnpmjs.org/@webassemblyjs/floating-point-hex-parser/download/@webassemblyjs/floating-point-hex-parser-1.7.11.tgz",
      "integrity": "sha1-pp8K9lAuuaPARVVbGmEp09Py4xM=",
      "dev": true
    },
    "@webassemblyjs/helper-api-error": {
      "version": "1.7.11",
      "resolved": "http://r.cnpmjs.org/@webassemblyjs/helper-api-error/download/@webassemblyjs/helper-api-error-1.7.11.tgz",
      "integrity": "sha1-x7a7gQX4QDlRGis5zklPGTgYoyo=",
      "dev": true
    },
    "@webassemblyjs/helper-code-frame": {
      "version": "1.7.11",
      "resolved": "http://r.cnpmjs.org/@webassemblyjs/helper-code-frame/download/@webassemblyjs/helper-code-frame-1.7.11.tgz",
      "integrity": "sha1-z48QbnRmYqDaKb3vY1/NPRJINks=",
      "dev": true,
      "requires": {
        "@webassemblyjs/wast-printer": "1.7.11"
      }
    },
    "@webassemblyjs/helper-fsm": {
      "version": "1.7.11",
      "resolved": "http://r.cnpmjs.org/@webassemblyjs/helper-fsm/download/@webassemblyjs/helper-fsm-1.7.11.tgz",
      "integrity": "sha1-3ziIKmJAgNA/dQP5Pj8XrFrAEYE=",
      "dev": true
    },
    "@webassemblyjs/helper-module-context": {
      "version": "1.7.11",
      "resolved": "http://r.cnpmjs.org/@webassemblyjs/helper-module-context/download/@webassemblyjs/helper-module-context-1.7.11.tgz",
      "integrity": "sha1-2HTXIuUeYqwgJHaTXWScgC+g4gk=",
      "dev": true
    },
    "@webassemblyjs/helper-wasm-bytecode": {
      "version": "1.7.11",
      "resolved": "http://r.cnpmjs.org/@webassemblyjs/helper-wasm-bytecode/download/@webassemblyjs/helper-wasm-bytecode-1.7.11.tgz",
      "integrity": "sha1-3ZoegX8cLrEFtM8QEwk8ufPJywY=",
      "dev": true
    },
    "@webassemblyjs/wast-parser": {
      "version": "1.7.11",
      "resolved": "http://r.cnpmjs.org/@webassemblyjs/wast-parser/download/@webassemblyjs/wast-parser-1.7.11.tgz",
      "integrity": "sha1-Jb0RdWLKjAAnIP+BFu+QctnKhpw=",
      "dev": true,
      "requires": {
        "@webassemblyjs/ast": "1.7.11",
        "@webassemblyjs/floating-point-hex-parser": "1.7.11",
        "@webassemblyjs/helper-api-error": "1.7.11",
        "@webassemblyjs/helper-code-frame": "1.7.11",
        "@webassemblyjs/helper-fsm": "1.7.11",
        "@xtuc/long": "4.2.1"
      }
    },
    "@webassemblyjs/wast-printer": {
      "version": "1.7.11",
      "resolved": "http://r.cnpmjs.org/@webassemblyjs/wast-printer/download/@webassemblyjs/wast-printer-1.7.11.tgz",
      "integrity": "sha1-xCRbbeJCy1CizJUBdP2/ZceNeBM=",
      "dev": true,
      "requires": {
        "@webassemblyjs/ast": "1.7.11",
        "@webassemblyjs/wast-parser": "1.7.11",
        "@xtuc/long": "4.2.1"
      }
    },
    "@xtuc/long": {
      "version": "4.2.1",
      "resolved": "http://r.cnpmjs.org/@xtuc/long/download/@xtuc/long-4.2.1.tgz",
      "integrity": "sha1-XIXWYvdvodNFdXZsXc1mFavNMNg=",
      "dev": true
    }
  }
}
